
Microsoft Visual Studio Solution File, Format Version 12.00
# Visual Studio Version 16
VisualStudioVersion = 16.0.29613.14
MinimumVisualStudioVersion = 10.0.40219.1
Project("{FAE04EC0-301F-11D3-BF4B-00C04F79EFBC}") = "AutoSpeakers", "AutoSpeakers.csproj", "{C5244AFB-F6C0-4F9E-B88B-9E39966ABD21}"
EndProject
Global
	GlobalSection(SolutionConfigurationPlatforms) = preSolution
		Debug|Any CPU = Debug|Any CPU
		Release|Any CPU = Release|Any CPU
	EndGlobalSection
	GlobalSection(ProjectConfigurationPlatforms) = postSolution
		{C5244AFB-F6C0-4F9E-B88B-9E39966ABD21}.Debug|Any CPU.ActiveCfg = Debug|Any CPU
		{C5244AFB-F6C0-4F9E-B88B-9E39966ABD21}.Debug|Any CPU.Build.0 = Debug|Any CPU
		{C5244AFB-F6C0-4F9E-B88B-9E39966ABD21}.Release|Any CPU.ActiveCfg = Release|Any CPU
		{C5244AFB-F6C0-4F9E-B88B-9E39966ABD21}.Release|Any CPU.Build.0 = Release|Any CPU
	EndGlobalSection
	GlobalSection(SolutionProperties) = preSolution
		HideSolutionNode = FALSE
	EndGlobalSection
	GlobalSection(ExtensibilityGlobals) = postSolution
		SolutionGuid = {C22B356E-362F-40BF-B2CA-533B8D973AEC}
	EndGlobalSection
EndGlobal
